
Microsoft Visual Studio Solution File, Format Version 12.00
# Visual Studio 15
VisualStudioVersion = 15.0.28307.902
MinimumVisualStudioVersion = 10.0.40219.1
Project("{FAE04EC0-301F-11D3-BF4B-00C04F79EFBC}") = "PuntoDeVenta.COMMON", "PuntoDeVenta.COMMON\PuntoDeVenta.COMMON.csproj", "{FA4FA6CB-EA86-4FCC-9FA8-6EEA93BED00C}"
EndProject
Global
	GlobalSection(SolutionConfigurationPlatforms) = preSolution
		Debug|Any CPU = Debug|Any CPU
		Release|Any CPU = Release|Any CPU
	EndGlobalSection
	GlobalSection(ProjectConfigurationPlatforms) = postSolution
		{FA4FA6CB-EA86-4FCC-9FA8-6EEA93BED00C}.Debug|Any CPU.ActiveCfg = Debug|Any CPU
		{FA4FA6CB-EA86-4FCC-9FA8-6EEA93BED00C}.Debug|Any CPU.Build.0 = Debug|Any CPU
		{FA4FA6CB-EA86-4FCC-9FA8-6EEA93BED00C}.Release|Any CPU.ActiveCfg = Release|Any CPU
		{FA4FA6CB-EA86-4FCC-9FA8-6EEA93BED00C}.Release|Any CPU.Build.0 = Release|Any CPU
	EndGlobalSection
	GlobalSection(SolutionProperties) = preSolution
		HideSolutionNode = FALSE
	EndGlobalSection
	GlobalSection(ExtensibilityGlobals) = postSolution
		SolutionGuid = {F32DFCF1-5319-42CC-9BCA-8145CADEBE69}
	EndGlobalSection
EndGlobal
